version: 6
environments:
  default:
    channels:
    - url: https://conda.anaconda.org/conda-forge/
    packages:
      osx-arm64:
      - conda: https://conda.anaconda.org/conda-forge/osx-arm64/black-25.1.0-py313h8f79df9_0.conda
      - conda: https://conda.anaconda.org/conda-forge/osx-arm64/bzip2-1.0.8-h99b78c6_7.conda
      - conda: https://conda.anaconda.org/conda-forge/osx-arm64/ca-certificates-2025.1.31-hf0a4a13_0.conda
      - conda: https://conda.anaconda.org/conda-forge/noarch/click-8.1.8-pyh707e725_0.conda
      - conda: https://conda.anaconda.org/conda-forge/osx-arm64/libblas-3.9.0-30_h10e41b3_openblas.conda
      - conda: https://conda.anaconda.org/conda-forge/osx-arm64/libcblas-3.9.0-30_hb3479ef_openblas.conda
      - conda: https://conda.anaconda.org/conda-forge/osx-arm64/libcxx-19.1.7-ha82da77_0.conda
      - conda: https://conda.anaconda.org/conda-forge/osx-arm64/libexpat-2.6.4-h286801f_0.conda
      - conda: https://conda.anaconda.org/conda-forge/osx-arm64/libffi-3.4.2-h3422bc3_5.tar.bz2
      - conda: https://conda.anaconda.org/conda-forge/osx-arm64/libgfortran-5.0.0-13_2_0_hd922786_3.conda
      - conda: https://conda.anaconda.org/conda-forge/osx-arm64/libgfortran5-13.2.0-hf226fd6_3.conda
      - conda: https://conda.anaconda.org/conda-forge/osx-arm64/liblapack-3.9.0-30_hc9a63f6_openblas.conda
      - conda: https://conda.anaconda.org/conda-forge/osx-arm64/liblzma-5.6.4-h39f12f2_0.conda
      - conda: https://conda.anaconda.org/conda-forge/osx-arm64/libmpdec-4.0.0-h99b78c6_0.conda
      - conda: https://conda.anaconda.org/conda-forge/osx-arm64/libopenblas-0.3.29-openmp_hf332438_0.conda
      - conda: https://conda.anaconda.org/conda-forge/osx-arm64/libsqlite-3.49.1-h3f77e49_0.conda
      - conda: https://conda.anaconda.org/conda-forge/osx-arm64/libzlib-1.3.1-h8359307_2.conda
      - conda: https://conda.anaconda.org/conda-forge/osx-arm64/llvm-openmp-19.1.7-hdb05f8b_0.conda
      - conda: https://conda.anaconda.org/conda-forge/noarch/mypy_extensions-1.0.0-pyha770c72_1.conda
      - conda: https://conda.anaconda.org/conda-forge/osx-arm64/ncurses-6.5-h5e97a16_3.conda
      - conda: https://conda.anaconda.org/conda-forge/osx-arm64/numpy-2.2.3-py313h41a2e72_0.conda
      - conda: https://conda.anaconda.org/conda-forge/osx-arm64/openssl-3.4.1-h81ee809_0.conda
      - conda: https://conda.anaconda.org/conda-forge/noarch/packaging-24.2-pyhd8ed1ab_2.conda
      - conda: https://conda.anaconda.org/conda-forge/noarch/pathspec-0.12.1-pyhd8ed1ab_1.conda
      - conda: https://conda.anaconda.org/conda-forge/noarch/platformdirs-4.3.6-pyhd8ed1ab_1.conda
      - conda: https://conda.anaconda.org/conda-forge/osx-arm64/polars-1.22.0-py313h8ea26c2_0.conda
      - conda: https://conda.anaconda.org/conda-forge/osx-arm64/python-3.13.2-h81fe080_101_cp313.conda
      - conda: https://conda.anaconda.org/conda-forge/osx-arm64/python_abi-3.13-5_cp313.conda
      - conda: https://conda.anaconda.org/conda-forge/osx-arm64/readline-8.2-h92ec313_1.conda
      - conda: https://conda.anaconda.org/conda-forge/osx-arm64/tk-8.6.13-h5083fa2_1.conda
      - conda: https://conda.anaconda.org/conda-forge/noarch/tzdata-2025a-h78e105d_0.conda
packages:
- conda: https://conda.anaconda.org/conda-forge/osx-arm64/black-25.1.0-py313h8f79df9_0.conda
  sha256: ef2f742f6abefc32506038a4c64bf0c086c8e13234c1fe80c8675c7f92589cc2
  md5: 698e6c77b39a4f3d82c8e2e7d82b81c8
  depends:
  - click >=8.0.0
  - mypy_extensions >=0.4.3
  - packaging >=22.0
  - pathspec >=0.9
  - platformdirs >=2
  - python >=3.13,<3.14.0a0
  - python >=3.13,<3.14.0a0 *_cp313
  - python_abi 3.13.* *_cp313
  arch: arm64
  platform: osx
  license: MIT
  license_family: MIT
  size: 400095
  timestamp: 1738616517582
- conda: https://conda.anaconda.org/conda-forge/osx-arm64/bzip2-1.0.8-h99b78c6_7.conda
  sha256: adfa71f158cbd872a36394c56c3568e6034aa55c623634b37a4836bd036e6b91
  md5: fc6948412dbbbe9a4c9ddbbcfe0a79ab
  depends:
  - __osx >=11.0
  license: bzip2-1.0.6
  license_family: BSD
  size: 122909
  timestamp: 1720974522888
- conda: https://conda.anaconda.org/conda-forge/osx-arm64/ca-certificates-2025.1.31-hf0a4a13_0.conda
  sha256: 7e12816618173fe70f5c638b72adf4bfd4ddabf27794369bb17871c5bb75b9f9
  md5: 3569d6a9141adc64d2fe4797f3289e06
  license: ISC
  size: 158425
  timestamp: 1738298167688
- conda: https://conda.anaconda.org/conda-forge/noarch/click-8.1.8-pyh707e725_0.conda
  sha256: c920d23cd1fcf565031c679adb62d848af60d6fbb0edc2d50ba475cea4f0d8ab
  md5: f22f4d4970e09d68a10b922cbb0408d3
  depends:
  - __unix
  - python >=3.9
  license: BSD-3-Clause
  license_family: BSD
  size: 84705
  timestamp: 1734858922844
- conda: https://conda.anaconda.org/conda-forge/osx-arm64/libblas-3.9.0-30_h10e41b3_openblas.conda
  build_number: 30
  sha256: efdb82267966dff85123334ed0f7f4773ab4b093187c5495f2f92f892e2542d4
  md5: 1317dcfcde16781b5d446bfb4c81b848
  depends:
  - libopenblas >=0.3.29,<0.3.30.0a0
  - libopenblas >=0.3.29,<1.0a0
  constrains:
  - libcblas =3.9.0=30*_openblas
  - liblapack =3.9.0=30*_openblas
  - blas =2.130=openblas
  - liblapacke =3.9.0=30*_openblas
  license: BSD-3-Clause
  license_family: BSD
  size: 17013
  timestamp: 1739836593880
- conda: https://conda.anaconda.org/conda-forge/osx-arm64/libcblas-3.9.0-30_hb3479ef_openblas.conda
  build_number: 30
  sha256: 6d5935d1df2558d84367f183050e7291ec18cdf44d55093ce5a5ca6228d7ff1b
  md5: 7b50ccb7f672a8a793c64f7bfce84472
  depends:
  - libblas 3.9.0 30_h10e41b3_openblas
  constrains:
  - liblapack =3.9.0=30*_openblas
  - blas =2.130=openblas
  - liblapacke =3.9.0=30*_openblas
  license: BSD-3-Clause
  license_family: BSD
  size: 16922
  timestamp: 1739836601500
- conda: https://conda.anaconda.org/conda-forge/osx-arm64/libcxx-19.1.7-ha82da77_0.conda
  sha256: 776092346da87a2a23502e14d91eb0c32699c4a1522b7331537bd1c3751dcff5
  md5: 5b3e1610ff8bd5443476b91d618f5b77
  depends:
  - __osx >=11.0
  license: Apache-2.0 WITH LLVM-exception
  license_family: Apache
  size: 523505
  timestamp: 1736877862502
- conda: https://conda.anaconda.org/conda-forge/osx-arm64/libexpat-2.6.4-h286801f_0.conda
  sha256: e42ab5ace927ee7c84e3f0f7d813671e1cf3529f5f06ee5899606630498c2745
  md5: 38d2656dd914feb0cab8c629370768bf
  depends:
  - __osx >=11.0
  constrains:
  - expat 2.6.4.*
  license: MIT
  license_family: MIT
  size: 64693
  timestamp: 1730967175868
- conda: https://conda.anaconda.org/conda-forge/osx-arm64/libffi-3.4.2-h3422bc3_5.tar.bz2
  sha256: 41b3d13efb775e340e4dba549ab5c029611ea6918703096b2eaa9c015c0750ca
  md5: 086914b672be056eb70fd4285b6783b6
  license: MIT
  license_family: MIT
  size: 39020
  timestamp: 1636488587153
- conda: https://conda.anaconda.org/conda-forge/osx-arm64/libgfortran-5.0.0-13_2_0_hd922786_3.conda
  sha256: 44e541b4821c96b28b27fef5630883a60ce4fee91fd9c79f25a199f8f73f337b
  md5: 4a55d9e169114b2b90d3ec4604cd7bbf
  depends:
  - libgfortran5 13.2.0 hf226fd6_3
  license: GPL-3.0-only WITH GCC-exception-3.1
  license_family: GPL
  size: 110233
  timestamp: 1707330749033
- conda: https://conda.anaconda.org/conda-forge/osx-arm64/libgfortran5-13.2.0-hf226fd6_3.conda
  sha256: bafc679eedb468a86aa4636061c55966186399ee0a04b605920d208d97ac579a
  md5: 66ac81d54e95c534ae488726c1f698ea
  depends:
  - llvm-openmp >=8.0.0
  constrains:
  - libgfortran 5.0.0 13_2_0_*_3
  license: GPL-3.0-only WITH GCC-exception-3.1
  license_family: GPL
  size: 997381
  timestamp: 1707330687590
- conda: https://conda.anaconda.org/conda-forge/osx-arm64/liblapack-3.9.0-30_hc9a63f6_openblas.conda
  build_number: 30
  sha256: ad78d4fafde96659b429174fef4a0edf4c937876260c13c5f301d14779b3e36c
  md5: af38e475d8538c65cb8ce0f1bfe2e573
  depends:
  - libblas 3.9.0 30_h10e41b3_openblas
  constrains:
  - libcblas =3.9.0=30*_openblas
  - blas =2.130=openblas
  - liblapacke =3.9.0=30*_openblas
  license: BSD-3-Clause
  license_family: BSD
  size: 16939
  timestamp: 1739836608362
- conda: https://conda.anaconda.org/conda-forge/osx-arm64/liblzma-5.6.4-h39f12f2_0.conda
  sha256: 560c59d3834cc652a84fb45531bd335ad06e271b34ebc216e380a89798fe8e2c
  md5: e3fd1f8320a100f2b210e690a57cd615
  depends:
  - __osx >=11.0
  license: 0BSD
  size: 98945
  timestamp: 1738525462560
- conda: https://conda.anaconda.org/conda-forge/osx-arm64/libmpdec-4.0.0-h99b78c6_0.conda
  sha256: f7917de9117d3a5fe12a39e185c7ce424f8d5010a6f97b4333e8a1dcb2889d16
  md5: 7476305c35dd9acef48da8f754eedb40
  depends:
  - __osx >=11.0
  license: BSD-2-Clause
  license_family: BSD
  size: 69263
  timestamp: 1723817629767
- conda: https://conda.anaconda.org/conda-forge/osx-arm64/libopenblas-0.3.29-openmp_hf332438_0.conda
  sha256: 8989d9e01ec8c9b2d48dbb5efbe70b356fcd15990fb53b64fcb84798982c0343
  md5: 0cd1148c68f09027ee0b0f0179f77c30
  depends:
  - __osx >=11.0
  - libgfortran 5.*
  - libgfortran5 >=13.2.0
  - llvm-openmp >=18.1.8
  constrains:
  - openblas >=0.3.29,<0.3.30.0a0
  license: BSD-3-Clause
  license_family: BSD
  size: 4168442
  timestamp: 1739825514918
- conda: https://conda.anaconda.org/conda-forge/osx-arm64/libsqlite-3.49.1-h3f77e49_0.conda
  sha256: 8fb3a6620c311a004cf463473cf72e279092822b5782ac06bf333fdf485c0904
  md5: 4680afddba51d1e47744d15d7199f653
  depends:
  - __osx >=11.0
  - libzlib >=1.3.1,<2.0a0
  license: Unlicense
  size: 899177
  timestamp: 1739904027808
- conda: https://conda.anaconda.org/conda-forge/osx-arm64/libzlib-1.3.1-h8359307_2.conda
  sha256: ce34669eadaba351cd54910743e6a2261b67009624dbc7daeeafdef93616711b
  md5: 369964e85dc26bfe78f41399b366c435
  depends:
  - __osx >=11.0
  constrains:
  - zlib 1.3.1 *_2
  license: Zlib
  license_family: Other
  size: 46438
  timestamp: 1727963202283
- conda: https://conda.anaconda.org/conda-forge/osx-arm64/llvm-openmp-19.1.7-hdb05f8b_0.conda
  sha256: b92a669f2059874ebdcb69041b6c243d68ffc3fb356ac1339cec44aeb27245d7
  md5: c4d54bfd3817313ce758aa76283b118d
  depends:
  - __osx >=11.0
  constrains:
  - openmp 19.1.7|19.1.7.*
  license: Apache-2.0 WITH LLVM-exception
  license_family: APACHE
  size: 280830
  timestamp: 1736986295869
- conda: https://conda.anaconda.org/conda-forge/noarch/mypy_extensions-1.0.0-pyha770c72_1.conda
  sha256: 1895f47b7d68581a6facde5cb13ab8c2764c2e53a76bd746f8f98910dc4e08fe
  md5: 29097e7ea634a45cc5386b95cac6568f
  depends:
  - python >=3.9
  license: MIT
  license_family: MIT
  size: 10854
  timestamp: 1733230986902
- conda: https://conda.anaconda.org/conda-forge/osx-arm64/ncurses-6.5-h5e97a16_3.conda
  sha256: 2827ada40e8d9ca69a153a45f7fd14f32b2ead7045d3bbb5d10964898fe65733
  md5: 068d497125e4bf8a66bf707254fff5ae
  depends:
  - __osx >=11.0
  license: X11 AND BSD-3-Clause
  size: 797030
  timestamp: 1738196177597
- conda: https://conda.anaconda.org/conda-forge/osx-arm64/numpy-2.2.3-py313h41a2e72_0.conda
  sha256: a60c012a3b87e5e4cb002a41aa164b8f0e6cd8a35d63eadf0b025c259129a580
  md5: 67d7e7f829d06baf1a53dd27b0e8b01d
  depends:
  - __osx >=11.0
  - libblas >=3.9.0,<4.0a0
  - libcblas >=3.9.0,<4.0a0
  - libcxx >=18
  - liblapack >=3.9.0,<4.0a0
  - python >=3.13,<3.14.0a0
  - python >=3.13,<3.14.0a0 *_cp313
  - python_abi 3.13.* *_cp313
  constrains:
  - numpy-base <0a0
  license: BSD-3-Clause
  license_family: BSD
  size: 6533531
  timestamp: 1739426241828
- conda: https://conda.anaconda.org/conda-forge/osx-arm64/openssl-3.4.1-h81ee809_0.conda
  sha256: 4f8e2389e1b711b44182a075516d02c80fa7a3a7e25a71ff1b5ace9eae57a17a
  md5: 75f9f0c7b1740017e2db83a53ab9a28e
  depends:
  - __osx >=11.0
  - ca-certificates
  license: Apache-2.0
  license_family: Apache
  size: 2934522
  timestamp: 1739301896733
- conda: https://conda.anaconda.org/conda-forge/noarch/packaging-24.2-pyhd8ed1ab_2.conda
  sha256: da157b19bcd398b9804c5c52fc000fcb8ab0525bdb9c70f95beaa0bb42f85af1
  md5: 3bfed7e6228ebf2f7b9eaa47f1b4e2aa
  depends:
  - python >=3.8
  license: Apache-2.0
  license_family: APACHE
  size: 60164
  timestamp: 1733203368787
- conda: https://conda.anaconda.org/conda-forge/noarch/pathspec-0.12.1-pyhd8ed1ab_1.conda
  sha256: 9f64009cdf5b8e529995f18e03665b03f5d07c0b17445b8badef45bde76249ee
  md5: 617f15191456cc6a13db418a275435e5
  depends:
  - python >=3.9
  license: MPL-2.0
  license_family: MOZILLA
  size: 41075
  timestamp: 1733233471940
- conda: https://conda.anaconda.org/conda-forge/noarch/platformdirs-4.3.6-pyhd8ed1ab_1.conda
  sha256: bb50f6499e8bc1d1a26f17716c97984671121608dc0c3ecd34858112bce59a27
  md5: 577852c7e53901ddccc7e6a9959ddebe
  depends:
  - python >=3.9
  license: MIT
  license_family: MIT
  size: 20448
  timestamp: 1733232756001
- conda: https://conda.anaconda.org/conda-forge/osx-arm64/polars-1.22.0-py313h8ea26c2_0.conda
  sha256: 08fe61a9eddc19fb305627259a50a540136319be2b18a07b58aad541e1f0297d
  md5: 55487b2927838f387bda65193e4abc68
  depends:
  - __osx >=11.0
  - numpy >=1.16.0
  - packaging
  - python >=3.13,<3.14.0a0
  - python >=3.13,<3.14.0a0 *_cp313
  - python_abi 3.13.* *_cp313
  constrains:
  - __osx >=11.0
  license: MIT
  license_family: MIT
  size: 22185664
  timestamp: 1739046213564
- conda: https://conda.anaconda.org/conda-forge/osx-arm64/python-3.13.2-h81fe080_101_cp313.conda
  build_number: 101
  sha256: 6239a14c39a9902d6b617d57efe3eefbab23cf30cdc67122fdab81d04da193cd
  md5: 71a76067a1cac1a2f03b43a08646a63e
  depends:
  - __osx >=11.0
  - bzip2 >=1.0.8,<2.0a0
  - libexpat >=2.6.4,<3.0a0
  - libffi >=3.4,<4.0a0
  - liblzma >=5.6.4,<6.0a0
  - libmpdec >=4.0.0,<5.0a0
  - libsqlite >=3.48.0,<4.0a0
  - libzlib >=1.3.1,<2.0a0
  - ncurses >=6.5,<7.0a0
  - openssl >=3.4.1,<4.0a0
  - python_abi 3.13.* *_cp313
  - readline >=8.2,<9.0a0
  - tk >=8.6.13,<8.7.0a0
  - tzdata
  license: Python-2.0
  size: 11682568
  timestamp: 1739801342527
  python_site_packages_path: lib/python3.13/site-packages
- conda: https://conda.anaconda.org/conda-forge/osx-arm64/python_abi-3.13-5_cp313.conda
  build_number: 5
  sha256: 4437198eae80310f40b23ae2f8a9e0a7e5c2b9ae411a8621eb03d87273666199
  md5: b8e82d0a5c1664638f87f63cc5d241fb
  constrains:
  - python 3.13.* *_cp313
  license: BSD-3-Clause
  license_family: BSD
  size: 6322
  timestamp: 1723823058879
- conda: https://conda.anaconda.org/conda-forge/osx-arm64/readline-8.2-h92ec313_1.conda
  sha256: a1dfa679ac3f6007362386576a704ad2d0d7a02e98f5d0b115f207a2da63e884
  md5: 8cbb776a2f641b943d413b3e19df71f4
  depends:
  - ncurses >=6.3,<7.0a0
  license: GPL-3.0-only
  license_family: GPL
  size: 250351
  timestamp: 1679532511311
- conda: https://conda.anaconda.org/conda-forge/osx-arm64/tk-8.6.13-h5083fa2_1.conda
  sha256: 72457ad031b4c048e5891f3f6cb27a53cb479db68a52d965f796910e71a403a8
  md5: b50a57ba89c32b62428b71a875291c9b
  depends:
  - libzlib >=1.2.13,<2.0.0a0
  license: TCL
  license_family: BSD
  size: 3145523
  timestamp: 1699202432999
- conda: https://conda.anaconda.org/conda-forge/noarch/tzdata-2025a-h78e105d_0.conda
  sha256: c4b1ae8a2931fe9b274c44af29c5475a85b37693999f8c792dad0f8c6734b1de
  md5: dbcace4706afdfb7eb891f7b37d07c04
  license: LicenseRef-Public-Domain
  size: 122921
  timestamp: 1737119101255
